{
  "name": "clinica_farmaciav4",
  "lockfileVersion": 2,
  "requires": true,
  "packages": {
    "": {
      "dependencies": {
        "chart.js": "^4.4.0",
        "fullcalendar": "^6.1.18",
        "sweetalert2": "^11.7.28"
      }
    },
    "node_modules/@fullcalendar/core": {
      "version": "6.1.18",
      "resolved": "https://registry.npmjs.org/@fullcalendar/core/-/core-6.1.18.tgz",
      "integrity": "sha512-cD7XtZIZZ87Cg2+itnpsONCsZ89VIfLLDZ22pQX4IQVWlpYUB3bcCf878DhWkqyEen6dhi5ePtBoqYgm5K+0fQ==",
      "license": "MIT",
      "dependencies": {
        "preact": "~10.12.1"
      }
    },
    "node_modules/@fullcalendar/daygrid": {
      "version": "6.1.18",
      "resolved": "https://registry.npmjs.org/@fullcalendar/daygrid/-/daygrid-6.1.18.tgz",
      "integrity": "sha512-s452Zle1SdMEzZDw+pDczm8m3JLIZzS9ANMThXTnqeqJewW1gqNFYas18aHypJSgF9Fh9rDJjTSUw04BpXB/Mg==",
      "license": "MIT",
      "peerDependencies": {
        "@fullcalendar/core": "~6.1.18"
      }
    },
    "node_modules/@fullcalendar/interaction": {
      "version": "6.1.18",
      "resolved": "https://registry.npmjs.org/@fullcalendar/interaction/-/interaction-6.1.18.tgz",
      "integrity": "sha512-f/mD5RTjzw+Q6MGTMZrLCgIrQLIUUO9NV/58aM2J6ZBQZeRlNizDqmqldqyG+j49zj2vFhUfZibPrVKWm5yA4Q==",
      "license": "MIT",
      "peerDependencies": {
        "@fullcalendar/core": "~6.1.18"
      }
    },
    "node_modules/@fullcalendar/list": {
      "version": "6.1.18",
      "resolved": "https://registry.npmjs.org/@fullcalendar/list/-/list-6.1.18.tgz",
      "integrity": "sha512-XPZI50mq3HXyDQ5sT3jmqQUuwG8zQb5H14dQIUAmOHAIFRA3WpkxlzrXO0U1SrosvGySMPyyNNxvMKI1Q/jL7A==",
      "license": "MIT",
      "peerDependencies": {
        "@fullcalendar/core": "~6.1.18"
      }
    },
    "node_modules/@fullcalendar/multimonth": {
      "version": "6.1.18",
      "resolved": "https://registry.npmjs.org/@fullcalendar/multimonth/-/multimonth-6.1.18.tgz",
      "integrity": "sha512-4WSqtheJgWQMcJZjDDwTCYHe1JWTGZyJdCbIs84DuKbwZWH96g07Kr/3xDwsxiHgVX0iFlwljtkp2OmtMxQoDA==",
      "license": "MIT",
      "dependencies": {
        "@fullcalendar/daygrid": "~6.1.18"
      },
      "peerDependencies": {
        "@fullcalendar/core": "~6.1.18"
      }
    },
    "node_modules/@fullcalendar/timegrid": {
      "version": "6.1.18",
      "resolved": "https://registry.npmjs.org/@fullcalendar/timegrid/-/timegrid-6.1.18.tgz",
      "integrity": "sha512-T/ouhs+T1tM8JcW7Cjx+KiohL/qQWKqvRITwjol8ktJ1e1N/6noC40/obR1tyolqOxMRWHjJkYoj9fUqfoez9A==",
      "license": "MIT",
      "dependencies": {
        "@fullcalendar/daygrid": "~6.1.18"
      },
      "peerDependencies": {
        "@fullcalendar/core": "~6.1.18"
      }
    },
    "node_modules/@kurkle/color": {
      "version": "0.3.2",
      "resolved": "https://registry.npmjs.org/@kurkle/color/-/color-0.3.2.tgz",
      "integrity": "sha512-fuscdXJ9G1qb7W8VdHi+IwRqij3lBkosAm4ydQtEmbY58OzHXqQhvlxqEkoz0yssNVn38bcpRWgA9PP+OGoisw=="
    },
    "node_modules/chart.js": {
      "version": "4.4.0",
      "resolved": "https://registry.npmjs.org/chart.js/-/chart.js-4.4.0.tgz",
      "integrity": "sha512-vQEj6d+z0dcsKLlQvbKIMYFHd3t8W/7L2vfJIbYcfyPcRx92CsHqECpueN8qVGNlKyDcr5wBrYAYKnfu/9Q1hQ==",
      "dependencies": {
        "@kurkle/color": "^0.3.0"
      },
      "engines": {
        "pnpm": ">=7"
      }
    },
    "node_modules/fullcalendar": {
      "version": "6.1.18",
      "resolved": "https://registry.npmjs.org/fullcalendar/-/fullcalendar-6.1.18.tgz",
      "integrity": "sha512-jwZrCleBhY78j+uBf97FW2rgzjH6nmCpfx0p0m+XSNPZrKWbsk759ri1QWXS3PoISrHjcU5wFM4dRPP9inp5Pg==",
      "license": "MIT",
      "dependencies": {
        "@fullcalendar/core": "~6.1.18",
        "@fullcalendar/daygrid": "~6.1.18",
        "@fullcalendar/interaction": "~6.1.18",
        "@fullcalendar/list": "~6.1.18",
        "@fullcalendar/multimonth": "~6.1.18",
        "@fullcalendar/timegrid": "~6.1.18"
      }
    },
    "node_modules/preact": {
      "version": "10.12.1",
      "resolved": "https://registry.npmjs.org/preact/-/preact-10.12.1.tgz",
      "integrity": "sha512-l8386ixSsBdbreOAkqtrwqHwdvR35ID8c3rKPa8lCWuO86dBi32QWHV4vfsZK1utLLFMvw+Z5Ad4XLkZzchscg==",
      "license": "MIT",
      "funding": {
        "type": "opencollective",
        "url": "https://opencollective.com/preact"
      }
    },
    "node_modules/sweetalert2": {
      "version": "11.7.28",
      "resolved": "https://registry.npmjs.org/sweetalert2/-/sweetalert2-11.7.28.tgz",
      "integrity": "sha512-9895DVuYTDlV4Hx4IJablFKMdSqzwpy0PKycztbO4cXnOeVMmw55weOq4gcZAh3/tAyunCKjApFDrlSAcswwcA==",
      "funding": {
        "type": "individual",
        "url": "https://github.com/sponsors/limonte"
      }
    }
  },
  "dependencies": {
    "@fullcalendar/core": {
      "version": "6.1.18",
      "resolved": "https://registry.npmjs.org/@fullcalendar/core/-/core-6.1.18.tgz",
      "integrity": "sha512-cD7XtZIZZ87Cg2+itnpsONCsZ89VIfLLDZ22pQX4IQVWlpYUB3bcCf878DhWkqyEen6dhi5ePtBoqYgm5K+0fQ==",
      "requires": {
        "preact": "~10.12.1"
      }
    },
    "@fullcalendar/daygrid": {
      "version": "6.1.18",
      "resolved": "https://registry.npmjs.org/@fullcalendar/daygrid/-/daygrid-6.1.18.tgz",
      "integrity": "sha512-s452Zle1SdMEzZDw+pDczm8m3JLIZzS9ANMThXTnqeqJewW1gqNFYas18aHypJSgF9Fh9rDJjTSUw04BpXB/Mg==",
      "requires": {}
    },
    "@fullcalendar/interaction": {
      "version": "6.1.18",
      "resolved": "https://registry.npmjs.org/@fullcalendar/interaction/-/interaction-6.1.18.tgz",
      "integrity": "sha512-f/mD5RTjzw+Q6MGTMZrLCgIrQLIUUO9NV/58aM2J6ZBQZeRlNizDqmqldqyG+j49zj2vFhUfZibPrVKWm5yA4Q==",
      "requires": {}
    },
    "@fullcalendar/list": {
      "version": "6.1.18",
      "resolved": "https://registry.npmjs.org/@fullcalendar/list/-/list-6.1.18.tgz",
      "integrity": "sha512-XPZI50mq3HXyDQ5sT3jmqQUuwG8zQb5H14dQIUAmOHAIFRA3WpkxlzrXO0U1SrosvGySMPyyNNxvMKI1Q/jL7A==",
      "requires": {}
    },
    "@fullcalendar/multimonth": {
      "version": "6.1.18",
      "resolved": "https://registry.npmjs.org/@fullcalendar/multimonth/-/multimonth-6.1.18.tgz",
      "integrity": "sha512-4WSqtheJgWQMcJZjDDwTCYHe1JWTGZyJdCbIs84DuKbwZWH96g07Kr/3xDwsxiHgVX0iFlwljtkp2OmtMxQoDA==",
      "requires": {
        "@fullcalendar/daygrid": "~6.1.18"
      }
    },
    "@fullcalendar/timegrid": {
      "version": "6.1.18",
      "resolved": "https://registry.npmjs.org/@fullcalendar/timegrid/-/timegrid-6.1.18.tgz",
      "integrity": "sha512-T/ouhs+T1tM8JcW7Cjx+KiohL/qQWKqvRITwjol8ktJ1e1N/6noC40/obR1tyolqOxMRWHjJkYoj9fUqfoez9A==",
      "requires": {
        "@fullcalendar/daygrid": "~6.1.18"
      }
    },
    "@kurkle/color": {
      "version": "0.3.2",
      "resolved": "https://registry.npmjs.org/@kurkle/color/-/color-0.3.2.tgz",
      "integrity": "sha512-fuscdXJ9G1qb7W8VdHi+IwRqij3lBkosAm4ydQtEmbY58OzHXqQhvlxqEkoz0yssNVn38bcpRWgA9PP+OGoisw=="
    },
    "chart.js": {
      "version": "4.4.0",
      "resolved": "https://registry.npmjs.org/chart.js/-/chart.js-4.4.0.tgz",
      "integrity": "sha512-vQEj6d+z0dcsKLlQvbKIMYFHd3t8W/7L2vfJIbYcfyPcRx92CsHqECpueN8qVGNlKyDcr5wBrYAYKnfu/9Q1hQ==",
      "requires": {
        "@kurkle/color": "^0.3.0"
      }
    },
    "fullcalendar": {
      "version": "6.1.18",
      "resolved": "https://registry.npmjs.org/fullcalendar/-/fullcalendar-6.1.18.tgz",
      "integrity": "sha512-jwZrCleBhY78j+uBf97FW2rgzjH6nmCpfx0p0m+XSNPZrKWbsk759ri1QWXS3PoISrHjcU5wFM4dRPP9inp5Pg==",
      "requires": {
        "@fullcalendar/core": "~6.1.18",
        "@fullcalendar/daygrid": "~6.1.18",
        "@fullcalendar/interaction": "~6.1.18",
        "@fullcalendar/list": "~6.1.18",
        "@fullcalendar/multimonth": "~6.1.18",
        "@fullcalendar/timegrid": "~6.1.18"
      }
    },
    "preact": {
      "version": "10.12.1",
      "resolved": "https://registry.npmjs.org/preact/-/preact-10.12.1.tgz",
      "integrity": "sha512-l8386ixSsBdbreOAkqtrwqHwdvR35ID8c3rKPa8lCWuO86dBi32QWHV4vfsZK1utLLFMvw+Z5Ad4XLkZzchscg=="
    },
    "sweetalert2": {
      "version": "11.7.28",
      "resolved": "https://registry.npmjs.org/sweetalert2/-/sweetalert2-11.7.28.tgz",
      "integrity": "sha512-9895DVuYTDlV4Hx4IJablFKMdSqzwpy0PKycztbO4cXnOeVMmw55weOq4gcZAh3/tAyunCKjApFDrlSAcswwcA=="
    }
  }
}
